
Microsoft Visual Studio Solution File, Format Version 12.00
# Visual Studio Version 16
VisualStudioVersion = 16.0.30225.117
MinimumVisualStudioVersion = 10.0.40219.1
Project("{FAE04EC0-301F-11D3-BF4B-00C04F79EFBC}") = "VSPackage", "Sources\VSPackage\VSPackage.csproj", "{8BB71CE1-81B0-476A-831C-933DF457B94E}"
EndProject
Project("{FAE04EC0-301F-11D3-BF4B-00C04F79EFBC}") = "Ssms2016", "Sources\Adapters\Ssms2016.csproj", "{E0ACB744-D2A1-42E0-9F17-F09A8658587C}"
EndProject
Project("{FAE04EC0-301F-11D3-BF4B-00C04F79EFBC}") = "Ssms2014", "Sources\Adapters\Ssms2014.csproj", "{B4CCF6F0-6279-4AEF-864F-4FBE1C83747D}"
EndProject
Project("{FAE04EC0-301F-11D3-BF4B-00C04F79EFBC}") = "Ssms2012", "Sources\Adapters\Ssms2012.csproj", "{35AA603A-43F7-4473-BB50-083B46EA19D2}"
EndProject
Project("{FAE04EC0-301F-11D3-BF4B-00C04F79EFBC}") = "Interfaces", "Sources\Interfaces\Interfaces.csproj", "{C12637B4-DF88-4E68-8B6A-0012DB5B10DC}"
EndProject
Project("{FAE04EC0-301F-11D3-BF4B-00C04F79EFBC}") = "Ssms2017", "Sources\Adapters\Ssms2017.csproj", "{E4AE0681-7846-403C-BDBD-BF7238BDC0D4}"
EndProject
Project("{FAE04EC0-301F-11D3-BF4B-00C04F79EFBC}") = "Ssms18", "Sources\Adapters\Ssms18.csproj", "{9A2F9B7C-9878-450B-BCCE-C96AFA11F2B1}"
EndProject
Project("{2150E333-8FDC-42A3-9474-1A3956D46DE8}") = "Solution Items", "Solution Items", "{B1772BDF-8F00-46CE-87BA-934127C2B040}"
	ProjectSection(SolutionItems) = preProject
		.editorconfig = .editorconfig
		LICENSE.md = LICENSE.md
		README.md = README.md
	EndProjectSection
EndProject
Project("{930C7802-8A8C-48F9-8165-68863BCCD9DD}") = "Setup", "Sources\Setup\Setup.wixproj", "{788FC1A9-CC4F-46AC-8186-3511B183F480}"
EndProject
Global
	GlobalSection(SolutionConfigurationPlatforms) = preSolution
		Debug|Any CPU = Debug|Any CPU
		Debug|x64 = Debug|x64
		Debug|x86 = Debug|x86
		Release|Any CPU = Release|Any CPU
		Release|x64 = Release|x64
		Release|x86 = Release|x86
	EndGlobalSection
	GlobalSection(ProjectConfigurationPlatforms) = postSolution
		{8BB71CE1-81B0-476A-831C-933DF457B94E}.Debug|Any CPU.ActiveCfg = Debug|Any CPU
		{8BB71CE1-81B0-476A-831C-933DF457B94E}.Debug|Any CPU.Build.0 = Debug|Any CPU
		{8BB71CE1-81B0-476A-831C-933DF457B94E}.Debug|x64.ActiveCfg = Debug|Any CPU
		{8BB71CE1-81B0-476A-831C-933DF457B94E}.Debug|x64.Build.0 = Debug|Any CPU
		{8BB71CE1-81B0-476A-831C-933DF457B94E}.Debug|x86.ActiveCfg = Debug|Any CPU
		{8BB71CE1-81B0-476A-831C-933DF457B94E}.Debug|x86.Build.0 = Debug|Any CPU
		{8BB71CE1-81B0-476A-831C-933DF457B94E}.Release|Any CPU.ActiveCfg = Release|Any CPU
		{8BB71CE1-81B0-476A-831C-933DF457B94E}.Release|Any CPU.Build.0 = Release|Any CPU
		{8BB71CE1-81B0-476A-831C-933DF457B94E}.Release|x64.ActiveCfg = Release|Any CPU
		{8BB71CE1-81B0-476A-831C-933DF457B94E}.Release|x64.Build.0 = Release|Any CPU
		{8BB71CE1-81B0-476A-831C-933DF457B94E}.Release|x86.ActiveCfg = Release|Any CPU
		{8BB71CE1-81B0-476A-831C-933DF457B94E}.Release|x86.Build.0 = Release|Any CPU
		{E0ACB744-D2A1-42E0-9F17-F09A8658587C}.Debug|Any CPU.ActiveCfg = Debug|Any CPU
		{E0ACB744-D2A1-42E0-9F17-F09A8658587C}.Debug|Any CPU.Build.0 = Debug|Any CPU
		{E0ACB744-D2A1-42E0-9F17-F09A8658587C}.Debug|x64.ActiveCfg = Debug|Any CPU
		{E0ACB744-D2A1-42E0-9F17-F09A8658587C}.Debug|x64.Build.0 = Debug|Any CPU
		{E0ACB744-D2A1-42E0-9F17-F09A8658587C}.Debug|x86.ActiveCfg = Debug|Any CPU
		{E0ACB744-D2A1-42E0-9F17-F09A8658587C}.Debug|x86.Build.0 = Debug|Any CPU
		{E0ACB744-D2A1-42E0-9F17-F09A8658587C}.Release|Any CPU.ActiveCfg = Release|Any CPU
		{E0ACB744-D2A1-42E0-9F17-F09A8658587C}.Release|Any CPU.Build.0 = Release|Any CPU
		{E0ACB744-D2A1-42E0-9F17-F09A8658587C}.Release|x64.ActiveCfg = Release|Any CPU
		{E0ACB744-D2A1-42E0-9F17-F09A8658587C}.Release|x64.Build.0 = Release|Any CPU
		{E0ACB744-D2A1-42E0-9F17-F09A8658587C}.Release|x86.ActiveCfg = Release|Any CPU
		{E0ACB744-D2A1-42E0-9F17-F09A8658587C}.Release|x86.Build.0 = Release|Any CPU
		{B4CCF6F0-6279-4AEF-864F-4FBE1C83747D}.Debug|Any CPU.ActiveCfg = Debug|Any CPU
		{B4CCF6F0-6279-4AEF-864F-4FBE1C83747D}.Debug|Any CPU.Build.0 = Debug|Any CPU
		{B4CCF6F0-6279-4AEF-864F-4FBE1C83747D}.Debug|x64.ActiveCfg = Debug|Any CPU
		{B4CCF6F0-6279-4AEF-864F-4FBE1C83747D}.Debug|x64.Build.0 = Debug|Any CPU
		{B4CCF6F0-6279-4AEF-864F-4FBE1C83747D}.Debug|x86.ActiveCfg = Debug|Any CPU
		{B4CCF6F0-6279-4AEF-864F-4FBE1C83747D}.Debug|x86.Build.0 = Debug|Any CPU
		{B4CCF6F0-6279-4AEF-864F-4FBE1C83747D}.Release|Any CPU.ActiveCfg = Release|Any CPU
		{B4CCF6F0-6279-4AEF-864F-4FBE1C83747D}.Release|Any CPU.Build.0 = Release|Any CPU
		{B4CCF6F0-6279-4AEF-864F-4FBE1C83747D}.Release|x64.ActiveCfg = Release|Any CPU
		{B4CCF6F0-6279-4AEF-864F-4FBE1C83747D}.Release|x64.Build.0 = Release|Any CPU
		{B4CCF6F0-6279-4AEF-864F-4FBE1C83747D}.Release|x86.ActiveCfg = Release|Any CPU
		{B4CCF6F0-6279-4AEF-864F-4FBE1C83747D}.Release|x86.Build.0 = Release|Any CPU
		{35AA603A-43F7-4473-BB50-083B46EA19D2}.Debug|Any CPU.ActiveCfg = Debug|Any CPU
		{35AA603A-43F7-4473-BB50-083B46EA19D2}.Debug|Any CPU.Build.0 = Debug|Any CPU
		{35AA603A-43F7-4473-BB50-083B46EA19D2}.Debug|x64.ActiveCfg = Debug|Any CPU
		{35AA603A-43F7-4473-BB50-083B46EA19D2}.Debug|x64.Build.0 = Debug|Any CPU
		{35AA603A-43F7-4473-BB50-083B46EA19D2}.Debug|x86.ActiveCfg = Debug|Any CPU
		{35AA603A-43F7-4473-BB50-083B46EA19D2}.Debug|x86.Build.0 = Debug|Any CPU
		{35AA603A-43F7-4473-BB50-083B46EA19D2}.Release|Any CPU.ActiveCfg = Release|Any CPU
		{35AA603A-43F7-4473-BB50-083B46EA19D2}.Release|Any CPU.Build.0 = Release|Any CPU
		{35AA603A-43F7-4473-BB50-083B46EA19D2}.Release|x64.ActiveCfg = Release|Any CPU
		{35AA603A-43F7-4473-BB50-083B46EA19D2}.Release|x64.Build.0 = Release|Any CPU
		{35AA603A-43F7-4473-BB50-083B46EA19D2}.Release|x86.ActiveCfg = Release|Any CPU
		{35AA603A-43F7-4473-BB50-083B46EA19D2}.Release|x86.Build.0 = Release|Any CPU
		{C12637B4-DF88-4E68-8B6A-0012DB5B10DC}.Debug|Any CPU.ActiveCfg = Debug|Any CPU
		{C12637B4-DF88-4E68-8B6A-0012DB5B10DC}.Debug|Any CPU.Build.0 = Debug|Any CPU
		{C12637B4-DF88-4E68-8B6A-0012DB5B10DC}.Debug|x64.ActiveCfg = Debug|Any CPU
		{C12637B4-DF88-4E68-8B6A-0012DB5B10DC}.Debug|x64.Build.0 = Debug|Any CPU
		{C12637B4-DF88-4E68-8B6A-0012DB5B10DC}.Debug|x86.ActiveCfg = Debug|Any CPU
		{C12637B4-DF88-4E68-8B6A-0012DB5B10DC}.Debug|x86.Build.0 = Debug|Any CPU
		{C12637B4-DF88-4E68-8B6A-0012DB5B10DC}.Release|Any CPU.ActiveCfg = Release|Any CPU
		{C12637B4-DF88-4E68-8B6A-0012DB5B10DC}.Release|Any CPU.Build.0 = Release|Any CPU
		{C12637B4-DF88-4E68-8B6A-0012DB5B10DC}.Release|x64.ActiveCfg = Release|Any CPU
		{C12637B4-DF88-4E68-8B6A-0012DB5B10DC}.Release|x64.Build.0 = Release|Any CPU
		{C12637B4-DF88-4E68-8B6A-0012DB5B10DC}.Release|x86.ActiveCfg = Release|Any CPU
		{C12637B4-DF88-4E68-8B6A-0012DB5B10DC}.Release|x86.Build.0 = Release|Any CPU
		{E4AE0681-7846-403C-BDBD-BF7238BDC0D4}.Debug|Any CPU.ActiveCfg = Debug|Any CPU
		{E4AE0681-7846-403C-BDBD-BF7238BDC0D4}.Debug|Any CPU.Build.0 = Debug|Any CPU
		{E4AE0681-7846-403C-BDBD-BF7238BDC0D4}.Debug|x64.ActiveCfg = Debug|Any CPU
		{E4AE0681-7846-403C-BDBD-BF7238BDC0D4}.Debug|x64.Build.0 = Debug|Any CPU
		{E4AE0681-7846-403C-BDBD-BF7238BDC0D4}.Debug|x86.ActiveCfg = Debug|Any CPU
		{E4AE0681-7846-403C-BDBD-BF7238BDC0D4}.Debug|x86.Build.0 = Debug|Any CPU
		{E4AE0681-7846-403C-BDBD-BF7238BDC0D4}.Release|Any CPU.ActiveCfg = Release|Any CPU
		{E4AE0681-7846-403C-BDBD-BF7238BDC0D4}.Release|Any CPU.Build.0 = Release|Any CPU
		{E4AE0681-7846-403C-BDBD-BF7238BDC0D4}.Release|x64.ActiveCfg = Release|Any CPU
		{E4AE0681-7846-403C-BDBD-BF7238BDC0D4}.Release|x64.Build.0 = Release|Any CPU
		{E4AE0681-7846-403C-BDBD-BF7238BDC0D4}.Release|x86.ActiveCfg = Release|Any CPU
		{E4AE0681-7846-403C-BDBD-BF7238BDC0D4}.Release|x86.Build.0 = Release|Any CPU
		{9A2F9B7C-9878-450B-BCCE-C96AFA11F2B1}.Debug|Any CPU.ActiveCfg = Debug|Any CPU
		{9A2F9B7C-9878-450B-BCCE-C96AFA11F2B1}.Debug|Any CPU.Build.0 = Debug|Any CPU
		{9A2F9B7C-9878-450B-BCCE-C96AFA11F2B1}.Debug|x64.ActiveCfg = Debug|Any CPU
		{9A2F9B7C-9878-450B-BCCE-C96AFA11F2B1}.Debug|x64.Build.0 = Debug|Any CPU
		{9A2F9B7C-9878-450B-BCCE-C96AFA11F2B1}.Debug|x86.ActiveCfg = Debug|Any CPU
		{9A2F9B7C-9878-450B-BCCE-C96AFA11F2B1}.Debug|x86.Build.0 = Debug|Any CPU
		{9A2F9B7C-9878-450B-BCCE-C96AFA11F2B1}.Release|Any CPU.ActiveCfg = Release|Any CPU
		{9A2F9B7C-9878-450B-BCCE-C96AFA11F2B1}.Release|Any CPU.Build.0 = Release|Any CPU
		{9A2F9B7C-9878-450B-BCCE-C96AFA11F2B1}.Release|x64.ActiveCfg = Release|Any CPU
		{9A2F9B7C-9878-450B-BCCE-C96AFA11F2B1}.Release|x64.Build.0 = Release|Any CPU
		{9A2F9B7C-9878-450B-BCCE-C96AFA11F2B1}.Release|x86.ActiveCfg = Release|Any CPU
		{9A2F9B7C-9878-450B-BCCE-C96AFA11F2B1}.Release|x86.Build.0 = Release|Any CPU
		{788FC1A9-CC4F-46AC-8186-3511B183F480}.Debug|Any CPU.ActiveCfg = Debug|x86
		{788FC1A9-CC4F-46AC-8186-3511B183F480}.Debug|x64.ActiveCfg = Debug|x64
		{788FC1A9-CC4F-46AC-8186-3511B183F480}.Debug|x64.Build.0 = Debug|x64
		{788FC1A9-CC4F-46AC-8186-3511B183F480}.Debug|x86.ActiveCfg = Debug|x86
		{788FC1A9-CC4F-46AC-8186-3511B183F480}.Debug|x86.Build.0 = Debug|x86
		{788FC1A9-CC4F-46AC-8186-3511B183F480}.Release|Any CPU.ActiveCfg = Release|x86
		{788FC1A9-CC4F-46AC-8186-3511B183F480}.Release|Any CPU.Build.0 = Release|x86
		{788FC1A9-CC4F-46AC-8186-3511B183F480}.Release|x64.ActiveCfg = Release|x64
		{788FC1A9-CC4F-46AC-8186-3511B183F480}.Release|x64.Build.0 = Release|x64
		{788FC1A9-CC4F-46AC-8186-3511B183F480}.Release|x86.ActiveCfg = Release|x86
		{788FC1A9-CC4F-46AC-8186-3511B183F480}.Release|x86.Build.0 = Release|x86
	EndGlobalSection
	GlobalSection(SolutionProperties) = preSolution
		HideSolutionNode = FALSE
	EndGlobalSection
	GlobalSection(ExtensibilityGlobals) = postSolution
		SolutionGuid = {1921E811-F0E9-48BC-92BE-5C3DEF0F18D5}
	EndGlobalSection
EndGlobal
